
Microsoft Visual Studio Solution File, Format Version 11.00
# Visual C# Express 2010
Project("{FAE04EC0-301F-11D3-BF4B-00C04F79EFBC}") = "PdfSearch", "PdfSearch\PdfSearch.csproj", "{B30E0D57-0083-484C-B173-32496F4EA28E}"
EndProject
Global
	GlobalSection(SolutionConfigurationPlatforms) = preSolution
		Debug|x86 = Debug|x86
		Release|x86 = Release|x86
	EndGlobalSection
	GlobalSection(ProjectConfigurationPlatforms) = postSolution
		{B30E0D57-0083-484C-B173-32496F4EA28E}.Debug|x86.ActiveCfg = Debug|x86
		{B30E0D57-0083-484C-B173-32496F4EA28E}.Debug|x86.Build.0 = Debug|x86
		{B30E0D57-0083-484C-B173-32496F4EA28E}.Release|x86.ActiveCfg = Release|x86
		{B30E0D57-0083-484C-B173-32496F4EA28E}.Release|x86.Build.0 = Release|x86
	EndGlobalSection
	GlobalSection(SolutionProperties) = preSolution
		HideSolutionNode = FALSE
	EndGlobalSection
EndGlobal
